
Microsoft Visual Studio Solution File, Format Version 12.00
# Visual Studio Version 17
VisualStudioVersion = 17.2.32616.157
MinimumVisualStudioVersion = 10.0.40219.1
Project("{9A19103F-16F7-4668-BE54-9A1E7A4F7556}") = "Inventory.Website", "Website\Inventory.Website.csproj", "{AC74D6A9-31FF-47C4-9C97-B45D0203CFCE}"
EndProject
Project("{9A19103F-16F7-4668-BE54-9A1E7A4F7556}") = "Inventory.WebAPI", "WebAPI\Inventory.WebAPI.csproj", "{D2C8BE19-DED4-4646-8B21-6FC7DA0D3580}"
EndProject
Project("{9A19103F-16F7-4668-BE54-9A1E7A4F7556}") = "Inventory.WebAPI.Proxy", "Inventory.WebAPI.Proxy\Inventory.WebAPI.Proxy.csproj", "{704765D3-BADF-4CBB-AC65-C4CD43D4C753}"
EndProject
Project("{9A19103F-16F7-4668-BE54-9A1E7A4F7556}") = "Products.Webapi.Creator", "Products.Webapi.Creator\Products.Webapi.Creator.csproj", "{C958BDD9-2B2A-4EE9-938F-4A28D5ED8022}"
EndProject
Project("{2150E333-8FDC-42A3-9474-1A3956D46DE8}") = "Docs", "Docs", "{2ACC7CC7-79A1-4001-A1F1-59779B87E648}"
	ProjectSection(SolutionItems) = preProject
		README.md = README.md
		problem.md = problem.md
	EndProjectSection
EndProject
Global
	GlobalSection(SolutionConfigurationPlatforms) = preSolution
		Debug|Any CPU = Debug|Any CPU
		Debug|x86 = Debug|x86
		Release|Any CPU = Release|Any CPU
		Release|x86 = Release|x86
	EndGlobalSection
	GlobalSection(ProjectConfigurationPlatforms) = postSolution
		{AC74D6A9-31FF-47C4-9C97-B45D0203CFCE}.Debug|Any CPU.ActiveCfg = Debug|Any CPU
		{AC74D6A9-31FF-47C4-9C97-B45D0203CFCE}.Debug|Any CPU.Build.0 = Debug|Any CPU
		{AC74D6A9-31FF-47C4-9C97-B45D0203CFCE}.Debug|x86.ActiveCfg = Debug|Any CPU
		{AC74D6A9-31FF-47C4-9C97-B45D0203CFCE}.Debug|x86.Build.0 = Debug|Any CPU
		{AC74D6A9-31FF-47C4-9C97-B45D0203CFCE}.Release|Any CPU.ActiveCfg = Release|Any CPU
		{AC74D6A9-31FF-47C4-9C97-B45D0203CFCE}.Release|Any CPU.Build.0 = Release|Any CPU
		{AC74D6A9-31FF-47C4-9C97-B45D0203CFCE}.Release|x86.ActiveCfg = Release|Any CPU
		{AC74D6A9-31FF-47C4-9C97-B45D0203CFCE}.Release|x86.Build.0 = Release|Any CPU
		{D2C8BE19-DED4-4646-8B21-6FC7DA0D3580}.Debug|Any CPU.ActiveCfg = Debug|Any CPU
		{D2C8BE19-DED4-4646-8B21-6FC7DA0D3580}.Debug|Any CPU.Build.0 = Debug|Any CPU
		{D2C8BE19-DED4-4646-8B21-6FC7DA0D3580}.Debug|x86.ActiveCfg = Debug|Any CPU
		{D2C8BE19-DED4-4646-8B21-6FC7DA0D3580}.Debug|x86.Build.0 = Debug|Any CPU
		{D2C8BE19-DED4-4646-8B21-6FC7DA0D3580}.Release|Any CPU.ActiveCfg = Release|Any CPU
		{D2C8BE19-DED4-4646-8B21-6FC7DA0D3580}.Release|Any CPU.Build.0 = Release|Any CPU
		{D2C8BE19-DED4-4646-8B21-6FC7DA0D3580}.Release|x86.ActiveCfg = Release|Any CPU
		{D2C8BE19-DED4-4646-8B21-6FC7DA0D3580}.Release|x86.Build.0 = Release|Any CPU
		{704765D3-BADF-4CBB-AC65-C4CD43D4C753}.Debug|Any CPU.ActiveCfg = Debug|Any CPU
		{704765D3-BADF-4CBB-AC65-C4CD43D4C753}.Debug|Any CPU.Build.0 = Debug|Any CPU
		{704765D3-BADF-4CBB-AC65-C4CD43D4C753}.Debug|x86.ActiveCfg = Debug|Any CPU
		{704765D3-BADF-4CBB-AC65-C4CD43D4C753}.Debug|x86.Build.0 = Debug|Any CPU
		{704765D3-BADF-4CBB-AC65-C4CD43D4C753}.Release|Any CPU.ActiveCfg = Release|Any CPU
		{704765D3-BADF-4CBB-AC65-C4CD43D4C753}.Release|Any CPU.Build.0 = Release|Any CPU
		{704765D3-BADF-4CBB-AC65-C4CD43D4C753}.Release|x86.ActiveCfg = Release|Any CPU
		{704765D3-BADF-4CBB-AC65-C4CD43D4C753}.Release|x86.Build.0 = Release|Any CPU
		{C958BDD9-2B2A-4EE9-938F-4A28D5ED8022}.Debug|Any CPU.ActiveCfg = Debug|Any CPU
		{C958BDD9-2B2A-4EE9-938F-4A28D5ED8022}.Debug|Any CPU.Build.0 = Debug|Any CPU
		{C958BDD9-2B2A-4EE9-938F-4A28D5ED8022}.Debug|x86.ActiveCfg = Debug|Any CPU
		{C958BDD9-2B2A-4EE9-938F-4A28D5ED8022}.Debug|x86.Build.0 = Debug|Any CPU
		{C958BDD9-2B2A-4EE9-938F-4A28D5ED8022}.Release|Any CPU.ActiveCfg = Release|Any CPU
		{C958BDD9-2B2A-4EE9-938F-4A28D5ED8022}.Release|Any CPU.Build.0 = Release|Any CPU
		{C958BDD9-2B2A-4EE9-938F-4A28D5ED8022}.Release|x86.ActiveCfg = Release|Any CPU
		{C958BDD9-2B2A-4EE9-938F-4A28D5ED8022}.Release|x86.Build.0 = Release|Any CPU
	EndGlobalSection
	GlobalSection(SolutionProperties) = preSolution
		HideSolutionNode = FALSE
	EndGlobalSection
	GlobalSection(ExtensibilityGlobals) = postSolution
		SolutionGuid = {27BA6D46-86CF-4042-B8F7-14E318212A6D}
	EndGlobalSection
EndGlobal
